
Microsoft Visual Studio Solution File, Format Version 12.00
# Visual Studio Version 17
VisualStudioVersion = 17.1.32319.34
MinimumVisualStudioVersion = 10.0.40219.1
Project("{9A19103F-16F7-4668-BE54-9A1E7A4F7556}") = "Calculadora.XML", "RetailApp.ViewModels\Calculadora.XML.csproj", "{E93B1940-2B73-47DD-84B9-03745132B679}"
EndProject
Project("{9A19103F-16F7-4668-BE54-9A1E7A4F7556}") = "Calculadora.Utility", "RetailApp.Utility\Calculadora.Utility.csproj", "{44C3C517-5D90-4DFF-BED8-C941E5FADEA7}"
EndProject
Project("{9A19103F-16F7-4668-BE54-9A1E7A4F7556}") = "Calculadora.Desktop.UI", "RetailApp.Desktop.UI\Calculadora.Desktop.UI.csproj", "{B5CAF2F8-4454-4776-B7A0-959C996E9BE5}"
	ProjectSection(ProjectDependencies) = postProject
		{44C3C517-5D90-4DFF-BED8-C941E5FADEA7} = {44C3C517-5D90-4DFF-BED8-C941E5FADEA7}
		{E93B1940-2B73-47DD-84B9-03745132B679} = {E93B1940-2B73-47DD-84B9-03745132B679}
	EndProjectSection
EndProject
Global
	GlobalSection(SolutionConfigurationPlatforms) = preSolution
		Debug|Any CPU = Debug|Any CPU
		Release|Any CPU = Release|Any CPU
	EndGlobalSection
	GlobalSection(ProjectConfigurationPlatforms) = postSolution
		{E93B1940-2B73-47DD-84B9-03745132B679}.Debug|Any CPU.ActiveCfg = Debug|Any CPU
		{E93B1940-2B73-47DD-84B9-03745132B679}.Debug|Any CPU.Build.0 = Debug|Any CPU
		{E93B1940-2B73-47DD-84B9-03745132B679}.Release|Any CPU.ActiveCfg = Release|Any CPU
		{E93B1940-2B73-47DD-84B9-03745132B679}.Release|Any CPU.Build.0 = Release|Any CPU
		{44C3C517-5D90-4DFF-BED8-C941E5FADEA7}.Debug|Any CPU.ActiveCfg = Debug|Any CPU
		{44C3C517-5D90-4DFF-BED8-C941E5FADEA7}.Debug|Any CPU.Build.0 = Debug|Any CPU
		{44C3C517-5D90-4DFF-BED8-C941E5FADEA7}.Release|Any CPU.ActiveCfg = Release|Any CPU
		{44C3C517-5D90-4DFF-BED8-C941E5FADEA7}.Release|Any CPU.Build.0 = Release|Any CPU
		{B5CAF2F8-4454-4776-B7A0-959C996E9BE5}.Debug|Any CPU.ActiveCfg = Debug|Any CPU
		{B5CAF2F8-4454-4776-B7A0-959C996E9BE5}.Debug|Any CPU.Build.0 = Debug|Any CPU
		{B5CAF2F8-4454-4776-B7A0-959C996E9BE5}.Release|Any CPU.ActiveCfg = Release|Any CPU
		{B5CAF2F8-4454-4776-B7A0-959C996E9BE5}.Release|Any CPU.Build.0 = Release|Any CPU
	EndGlobalSection
	GlobalSection(SolutionProperties) = preSolution
		HideSolutionNode = FALSE
	EndGlobalSection
	GlobalSection(ExtensibilityGlobals) = postSolution
		SolutionGuid = {CE020A08-7EB9-43E6-A8C4-873732C7FFA9}
	EndGlobalSection
EndGlobal
